Microsoft Visual Studio Solution File, Format Version 8.00
Project("{8BC9CEB8-8B4A-11D0-8D11-00A0C91BC942}") = "my_proj", "my_proj.vcproj", "{87FDE777-3BF9-4819-95EC-8363E0C374D5}"
	ProjectSection(ProjectDependencies) = postProject
	EndProjectSection
EndProject
Global
	GlobalSection(SolutionConfiguration) = preSolution
		Debug = Debug
		Release = Release
	EndGlobalSection
	GlobalSection(ProjectConfiguration) = postSolution
		{87FDE777-3BF9-4819-95EC-8363E0C374D5}.Debug.ActiveCfg = Debug|Win32
		{87FDE777-3BF9-4819-95EC-8363E0C374D5}.Debug.Build.0 = Debug|Win32
		{87FDE777-3BF9-4819-95EC-8363E0C374D5}.Release.ActiveCfg = Release|Win32
		{87FDE777-3BF9-4819-95EC-8363E0C374D5}.Release.Build.0 = Release|Win32
	EndGlobalSection
	GlobalSection(ExtensibilityGlobals) = postSolution
	EndGlobalSection
	GlobalSection(ExtensibilityAddIns) = postSolution
	EndGlobalSection
EndGlobal
